
Microsoft Visual Studio Solution File, Format Version 12.00
# Visual Studio Version 17
VisualStudioVersion = 17.0.31903.59
MinimumVisualStudioVersion = 10.0.40219.1
Project("{FAE04EC0-301F-11D3-BF4B-00C04F79EFBC}") = "Solution", "Solution\Solution.csproj", "{D2676B3B-809D-464F-ADF4-09F45A7F112A}"
EndProject
Project("{FAE04EC0-301F-11D3-BF4B-00C04F79EFBC}") = "SolutionTest", "SolutionTest\SolutionTest.csproj", "{64AE5E76-D275-4EAF-9C43-18ED5E981EAF}"
EndProject
Project("{FAE04EC0-301F-11D3-BF4B-00C04F79EFBC}") = "Program", "Program\Program.csproj", "{6E46CB8F-838B-4F44-8FD5-22DA02F92168}"
EndProject
Global
	GlobalSection(SolutionConfigurationPlatforms) = preSolution
		Debug|Any CPU = Debug|Any CPU
		Release|Any CPU = Release|Any CPU
	EndGlobalSection
	GlobalSection(SolutionProperties) = preSolution
		HideSolutionNode = FALSE
	EndGlobalSection
	GlobalSection(ProjectConfigurationPlatforms) = postSolution
		{D2676B3B-809D-464F-ADF4-09F45A7F112A}.Debug|Any CPU.ActiveCfg = Debug|Any CPU
		{D2676B3B-809D-464F-ADF4-09F45A7F112A}.Debug|Any CPU.Build.0 = Debug|Any CPU
		{D2676B3B-809D-464F-ADF4-09F45A7F112A}.Release|Any CPU.ActiveCfg = Release|Any CPU
		{D2676B3B-809D-464F-ADF4-09F45A7F112A}.Release|Any CPU.Build.0 = Release|Any CPU
		{64AE5E76-D275-4EAF-9C43-18ED5E981EAF}.Debug|Any CPU.ActiveCfg = Debug|Any CPU
		{64AE5E76-D275-4EAF-9C43-18ED5E981EAF}.Debug|Any CPU.Build.0 = Debug|Any CPU
		{64AE5E76-D275-4EAF-9C43-18ED5E981EAF}.Release|Any CPU.ActiveCfg = Release|Any CPU
		{64AE5E76-D275-4EAF-9C43-18ED5E981EAF}.Release|Any CPU.Build.0 = Release|Any CPU
		{6E46CB8F-838B-4F44-8FD5-22DA02F92168}.Debug|Any CPU.ActiveCfg = Debug|Any CPU
		{6E46CB8F-838B-4F44-8FD5-22DA02F92168}.Debug|Any CPU.Build.0 = Debug|Any CPU
		{6E46CB8F-838B-4F44-8FD5-22DA02F92168}.Release|Any CPU.ActiveCfg = Release|Any CPU
		{6E46CB8F-838B-4F44-8FD5-22DA02F92168}.Release|Any CPU.Build.0 = Release|Any CPU
	EndGlobalSection
EndGlobal
